
Microsoft Visual Studio Solution File, Format Version 12.00
# Visual Studio Version 16
VisualStudioVersion = 16.0.30907.101
MinimumVisualStudioVersion = 10.0.40219.1
Project("{FAE04EC0-301F-11D3-BF4B-00C04F79EFBC}") = "Secao5", "Secao5\Secao5.csproj", "{CDD0AF01-FEFD-4AB1-8CC3-16DF091754AD}"
EndProject
Global
	GlobalSection(SolutionConfigurationPlatforms) = preSolution
		Debug|Any CPU = Debug|Any CPU
		Release|Any CPU = Release|Any CPU
	EndGlobalSection
	GlobalSection(ProjectConfigurationPlatforms) = postSolution
		{CDD0AF01-FEFD-4AB1-8CC3-16DF091754AD}.Debug|Any CPU.ActiveCfg = Debug|Any CPU
		{CDD0AF01-FEFD-4AB1-8CC3-16DF091754AD}.Debug|Any CPU.Build.0 = Debug|Any CPU
		{CDD0AF01-FEFD-4AB1-8CC3-16DF091754AD}.Release|Any CPU.ActiveCfg = Release|Any CPU
		{CDD0AF01-FEFD-4AB1-8CC3-16DF091754AD}.Release|Any CPU.Build.0 = Release|Any CPU
	EndGlobalSection
	GlobalSection(SolutionProperties) = preSolution
		HideSolutionNode = FALSE
	EndGlobalSection
	GlobalSection(ExtensibilityGlobals) = postSolution
		SolutionGuid = {FA001F9F-702A-46F4-B1CC-FB97A42192B3}
	EndGlobalSection
EndGlobal
