
Microsoft Visual Studio Solution File, Format Version 12.00
# Visual Studio Version 16
VisualStudioVersion = 16.0.30907.101
MinimumVisualStudioVersion = 10.0.40219.1
Project("{FAE04EC0-301F-11D3-BF4B-00C04F79EFBC}") = "Vetores", "Vetores\Vetores.csproj", "{545074C9-892C-4E68-945A-461676FF26D4}"
EndProject
Global
	GlobalSection(SolutionConfigurationPlatforms) = preSolution
		Debug|Any CPU = Debug|Any CPU
		Release|Any CPU = Release|Any CPU
	EndGlobalSection
	GlobalSection(ProjectConfigurationPlatforms) = postSolution
		{545074C9-892C-4E68-945A-461676FF26D4}.Debug|Any CPU.ActiveCfg = Debug|Any CPU
		{545074C9-892C-4E68-945A-461676FF26D4}.Debug|Any CPU.Build.0 = Debug|Any CPU
		{545074C9-892C-4E68-945A-461676FF26D4}.Release|Any CPU.ActiveCfg = Release|Any CPU
		{545074C9-892C-4E68-945A-461676FF26D4}.Release|Any CPU.Build.0 = Release|Any CPU
	EndGlobalSection
	GlobalSection(SolutionProperties) = preSolution
		HideSolutionNode = FALSE
	EndGlobalSection
	GlobalSection(ExtensibilityGlobals) = postSolution
		SolutionGuid = {EDDDD3F2-E3FB-4DCD-9293-4BEA9E5B12BD}
	EndGlobalSection
EndGlobal
